
Microsoft Visual Studio Solution File, Format Version 12.00
# Visual Studio 15
VisualStudioVersion = 15.0.28010.2050
MinimumVisualStudioVersion = 10.0.40219.1
Project("{FAE04EC0-301F-11D3-BF4B-00C04F79EFBC}") = "Student", "Student\Student.csproj", "{FD4946A8-27F1-42A4-8578-DA3AA1BE5649}"
EndProject
Project("{FAE04EC0-301F-11D3-BF4B-00C04F79EFBC}") = "ScreenCapture", "ScreenCapture&Control Class\ScreenCapture.csproj", "{AEB0BED2-C92B-470A-AC31-E79604B56245}"
EndProject
Global
	GlobalSection(SolutionConfigurationPlatforms) = preSolution
		Debug|Any CPU = Debug|Any CPU
		Release|Any CPU = Release|Any CPU
	EndGlobalSection
	GlobalSection(ProjectConfigurationPlatforms) = postSolution
		{FD4946A8-27F1-42A4-8578-DA3AA1BE5649}.Debug|Any CPU.ActiveCfg = Debug|Any CPU
		{FD4946A8-27F1-42A4-8578-DA3AA1BE5649}.Debug|Any CPU.Build.0 = Debug|Any CPU
		{FD4946A8-27F1-42A4-8578-DA3AA1BE5649}.Release|Any CPU.ActiveCfg = Release|Any CPU
		{FD4946A8-27F1-42A4-8578-DA3AA1BE5649}.Release|Any CPU.Build.0 = Release|Any CPU
		{AEB0BED2-C92B-470A-AC31-E79604B56245}.Debug|Any CPU.ActiveCfg = Debug|Any CPU
		{AEB0BED2-C92B-470A-AC31-E79604B56245}.Debug|Any CPU.Build.0 = Debug|Any CPU
		{AEB0BED2-C92B-470A-AC31-E79604B56245}.Release|Any CPU.ActiveCfg = Release|Any CPU
		{AEB0BED2-C92B-470A-AC31-E79604B56245}.Release|Any CPU.Build.0 = Release|Any CPU
	EndGlobalSection
	GlobalSection(SolutionProperties) = preSolution
		HideSolutionNode = FALSE
	EndGlobalSection
	GlobalSection(ExtensibilityGlobals) = postSolution
		SolutionGuid = {4887B22B-4F2E-456B-AB40-E967771A21B9}
	EndGlobalSection
EndGlobal
